
Microsoft Visual Studio Solution File, Format Version 12.00
# Visual Studio 15
VisualStudioVersion = 15.0.28307.489
MinimumVisualStudioVersion = 10.0.40219.1
Project("{FAE04EC0-301F-11D3-BF4B-00C04F79EFBC}") = "JobManagerConsole", "JobManagerConsole\JobManagerConsole.csproj", "{FFC9CA46-A4A0-4049-B7C0-9D22C174C7BA}"
EndProject
Project("{FAE04EC0-301F-11D3-BF4B-00C04F79EFBC}") = "JobManagerCore", "JobManagerCore\JobManagerCore.csproj", "{667E1FC0-976E-46B1-A9A8-7DDC64EC72E7}"
EndProject
Project("{FAE04EC0-301F-11D3-BF4B-00C04F79EFBC}") = "JobManagerWeb", "JobManagerWeb\JobManagerWeb.csproj", "{7E0C1559-91B1-4AAE-B8C1-EAA850481BB0}"
EndProject
Global
	GlobalSection(SolutionConfigurationPlatforms) = preSolution
		Debug|Any CPU = Debug|Any CPU
		Release|Any CPU = Release|Any CPU
	EndGlobalSection
	GlobalSection(ProjectConfigurationPlatforms) = postSolution
		{FFC9CA46-A4A0-4049-B7C0-9D22C174C7BA}.Debug|Any CPU.ActiveCfg = Debug|Any CPU
		{FFC9CA46-A4A0-4049-B7C0-9D22C174C7BA}.Debug|Any CPU.Build.0 = Debug|Any CPU
		{FFC9CA46-A4A0-4049-B7C0-9D22C174C7BA}.Release|Any CPU.ActiveCfg = Release|Any CPU
		{FFC9CA46-A4A0-4049-B7C0-9D22C174C7BA}.Release|Any CPU.Build.0 = Release|Any CPU
		{667E1FC0-976E-46B1-A9A8-7DDC64EC72E7}.Debug|Any CPU.ActiveCfg = Debug|Any CPU
		{667E1FC0-976E-46B1-A9A8-7DDC64EC72E7}.Debug|Any CPU.Build.0 = Debug|Any CPU
		{667E1FC0-976E-46B1-A9A8-7DDC64EC72E7}.Release|Any CPU.ActiveCfg = Release|Any CPU
		{667E1FC0-976E-46B1-A9A8-7DDC64EC72E7}.Release|Any CPU.Build.0 = Release|Any CPU
		{7E0C1559-91B1-4AAE-B8C1-EAA850481BB0}.Debug|Any CPU.ActiveCfg = Debug|Any CPU
		{7E0C1559-91B1-4AAE-B8C1-EAA850481BB0}.Debug|Any CPU.Build.0 = Debug|Any CPU
		{7E0C1559-91B1-4AAE-B8C1-EAA850481BB0}.Release|Any CPU.ActiveCfg = Release|Any CPU
		{7E0C1559-91B1-4AAE-B8C1-EAA850481BB0}.Release|Any CPU.Build.0 = Release|Any CPU
	EndGlobalSection
	GlobalSection(SolutionProperties) = preSolution
		HideSolutionNode = FALSE
	EndGlobalSection
	GlobalSection(ExtensibilityGlobals) = postSolution
		SolutionGuid = {CCA8D679-02CB-4AF3-BC1A-0FA38A30508F}
	EndGlobalSection
EndGlobal
